
Microsoft Visual Studio Solution File, Format Version 12.00
# Visual Studio 2012
Project("{FAE04EC0-301F-11D3-BF4B-00C04F79EFBC}") = "BitBucketTest", "BitBucketTest\BitBucketTest.csproj", "{DB80E839-F58F-4465-8D8F-D029578C095B}"
EndProject
Global
	GlobalSection(SolutionConfigurationPlatforms) = preSolution
		Debug|Any CPU = Debug|Any CPU
		Release|Any CPU = Release|Any CPU
	EndGlobalSection
	GlobalSection(ProjectConfigurationPlatforms) = postSolution
		{DB80E839-F58F-4465-8D8F-D029578C095B}.Debug|Any CPU.ActiveCfg = Debug|Any CPU
		{DB80E839-F58F-4465-8D8F-D029578C095B}.Debug|Any CPU.Build.0 = Debug|Any CPU
		{DB80E839-F58F-4465-8D8F-D029578C095B}.Release|Any CPU.ActiveCfg = Release|Any CPU
		{DB80E839-F58F-4465-8D8F-D029578C095B}.Release|Any CPU.Build.0 = Release|Any CPU
	EndGlobalSection
	GlobalSection(SolutionProperties) = preSolution
		HideSolutionNode = FALSE
	EndGlobalSection
EndGlobal
