
Microsoft Visual Studio Solution File, Format Version 12.00
# Visual Studio 2012
Project("{FAE04EC0-301F-11D3-BF4B-00C04F79EFBC}") = "ProofOfConcept", "ProjectGUI\ProofOfConcept.csproj", "{3E586CA4-0C1D-4319-B0A1-AD7C18930C01}"
EndProject
Global
	GlobalSection(SolutionConfigurationPlatforms) = preSolution
		Debug|Any CPU = Debug|Any CPU
		Release|Any CPU = Release|Any CPU
	EndGlobalSection
	GlobalSection(ProjectConfigurationPlatforms) = postSolution
		{3E586CA4-0C1D-4319-B0A1-AD7C18930C01}.Debug|Any CPU.ActiveCfg = Debug|Any CPU
		{3E586CA4-0C1D-4319-B0A1-AD7C18930C01}.Debug|Any CPU.Build.0 = Debug|Any CPU
		{3E586CA4-0C1D-4319-B0A1-AD7C18930C01}.Release|Any CPU.ActiveCfg = Release|Any CPU
		{3E586CA4-0C1D-4319-B0A1-AD7C18930C01}.Release|Any CPU.Build.0 = Release|Any CPU
	EndGlobalSection
	GlobalSection(SolutionProperties) = preSolution
		HideSolutionNode = FALSE
	EndGlobalSection
EndGlobal
