
Microsoft Visual Studio Solution File, Format Version 12.00
# Visual Studio 2012
Project("{FAE04EC0-301F-11D3-BF4B-00C04F79EFBC}") = "RecipeFinder", "RecipeFinder\RecipeFinder.csproj", "{9B65B8D7-B260-4304-9429-ACCBC2A4D417}"
EndProject
Project("{FAE04EC0-301F-11D3-BF4B-00C04F79EFBC}") = "Unit_Test", "Unit_Test\Unit_Test.csproj", "{8D9BD2FB-0ECF-44DF-AE9A-B36E54D5A018}"
	ProjectSection(ProjectDependencies) = postProject
		{9B65B8D7-B260-4304-9429-ACCBC2A4D417} = {9B65B8D7-B260-4304-9429-ACCBC2A4D417}
	EndProjectSection
EndProject
Global
	GlobalSection(SolutionConfigurationPlatforms) = preSolution
		Debug|Any CPU = Debug|Any CPU
		Release|Any CPU = Release|Any CPU
	EndGlobalSection
	GlobalSection(ProjectConfigurationPlatforms) = postSolution
		{9B65B8D7-B260-4304-9429-ACCBC2A4D417}.Debug|Any CPU.ActiveCfg = Debug|Any CPU
		{9B65B8D7-B260-4304-9429-ACCBC2A4D417}.Debug|Any CPU.Build.0 = Debug|Any CPU
		{9B65B8D7-B260-4304-9429-ACCBC2A4D417}.Release|Any CPU.ActiveCfg = Release|Any CPU
		{9B65B8D7-B260-4304-9429-ACCBC2A4D417}.Release|Any CPU.Build.0 = Release|Any CPU
		{8D9BD2FB-0ECF-44DF-AE9A-B36E54D5A018}.Debug|Any CPU.ActiveCfg = Debug|Any CPU
		{8D9BD2FB-0ECF-44DF-AE9A-B36E54D5A018}.Debug|Any CPU.Build.0 = Debug|Any CPU
		{8D9BD2FB-0ECF-44DF-AE9A-B36E54D5A018}.Release|Any CPU.ActiveCfg = Release|Any CPU
		{8D9BD2FB-0ECF-44DF-AE9A-B36E54D5A018}.Release|Any CPU.Build.0 = Release|Any CPU
	EndGlobalSection
	GlobalSection(SolutionProperties) = preSolution
		HideSolutionNode = FALSE
	EndGlobalSection
EndGlobal
